// !$*UTF8*$!
{
	archiveVersion = 1;
	classes = {
	};
	objectVersion = 46;
	objects = {

/* Begin PBXBuildFile section */
		022331AE18409A65008F40F8 /* Foundation.framework in Frameworks */ = {isa = PBXBuildFile; fileRef = 022331AD18409A65008F40F8 /* Foundation.framework */; };
		022331B018409A65008F40F8 /* CoreGraphics.framework in Frameworks */ = {isa = PBXBuildFile; fileRef = 022331AF18409A65008F40F8 /* CoreGraphics.framework */; };
		022331B218409A65008F40F8 /* UIKit.framework in Frameworks */ = {isa = PBXBuildFile; fileRef = 022331B118409A65008F40F8 /* UIKit.framework */; };
		022331B418409A65008F40F8 /* CoreData.framework in Frameworks */ = {isa = PBXBuildFile; fileRef = 022331B318409A65008F40F8 /* CoreData.framework */; };
		022331BA18409A65008F40F8 /* InfoPlist.strings in Resources */ = {isa = PBXBuildFile; fileRef = 022331B818409A65008F40F8 /* InfoPlist.strings */; };
		022331BC18409A65008F40F8 /* main.m in Sources */ = {isa = PBXBuildFile; fileRef = 022331BB18409A65008F40F8 /* main.m */; };
		022331C018409A65008F40F8 /* AppDelegate.m in Sources */ = {isa = PBXBuildFile; fileRef = 022331BF18409A65008F40F8 /* AppDelegate.m */; };
		022331C318409A65008F40F8 /* WorkToDo.xcdatamodeld in Sources */ = {isa = PBXBuildFile; fileRef = 022331C118409A65008F40F8 /* WorkToDo.xcdatamodeld */; };
		022331C518409A65008F40F8 /* Images.xcassets in Resources */ = {isa = PBXBuildFile; fileRef = 022331C418409A65008F40F8 /* Images.xcassets */; };
		022331CC18409A65008F40F8 /* XCTest.framework in Frameworks */ = {isa = PBXBuildFile; fileRef = 022331CB18409A65008F40F8 /* XCTest.framework */; };
		022331CD18409A65008F40F8 /* Foundation.framework in Frameworks */ = {isa = PBXBuildFile; fileRef = 022331AD18409A65008F40F8 /* Foundation.framework */; };
		022331CE18409A65008F40F8 /* UIKit.framework in Frameworks */ = {isa = PBXBuildFile; fileRef = 022331B118409A65008F40F8 /* UIKit.framework */; };
		022331CF18409A65008F40F8 /* CoreData.framework in Frameworks */ = {isa = PBXBuildFile; fileRef = 022331B318409A65008F40F8 /* CoreData.framework */; };
		022331D718409A65008F40F8 /* InfoPlist.strings in Resources */ = {isa = PBXBuildFile; fileRef = 022331D518409A65008F40F8 /* InfoPlist.strings */; };
		022331D918409A65008F40F8 /* WorkToDoTests.m in Sources */ = {isa = PBXBuildFile; fileRef = 022331D818409A65008F40F8 /* WorkToDoTests.m */; };
		022331E418409A96008F40F8 /* ToDoViewController.m in Sources */ = {isa = PBXBuildFile; fileRef = 022331E318409A96008F40F8 /* ToDoViewController.m */; };
		022331E71840A261008F40F8 /* Work.m in Sources */ = {isa = PBXBuildFile; fileRef = 022331E61840A261008F40F8 /* Work.m */; };
		022332081840AE2A008F40F8 /* DSLCalendarDayCalloutView.m in Sources */ = {isa = PBXBuildFile; fileRef = 022331EA1840AE2A008F40F8 /* DSLCalendarDayCalloutView.m */; };
		022332091840AE2A008F40F8 /* DSLCalendarDayCalloutView.xib in Resources */ = {isa = PBXBuildFile; fileRef = 022331EB1840AE2A008F40F8 /* DSLCalendarDayCalloutView.xib */; };
		0223320A1840AE2A008F40F8 /* DSLCalendarDayView.m in Sources */ = {isa = PBXBuildFile; fileRef = 022331ED1840AE2A008F40F8 /* DSLCalendarDayView.m */; };
		0223320B1840AE2A008F40F8 /* DSLCalendarMonthSelectorView.m in Sources */ = {isa = PBXBuildFile; fileRef = 022331EF1840AE2A008F40F8 /* DSLCalendarMonthSelectorView.m */; };
		0223320C1840AE2A008F40F8 /* DSLCalendarMonthSelectorView.xib in Resources */ = {isa = PBXBuildFile; fileRef = 022331F01840AE2A008F40F8 /* DSLCalendarMonthSelectorView.xib */; };
		0223320D1840AE2A008F40F8 /* DSLCalendarMonthView.m in Sources */ = {isa = PBXBuildFile; fileRef = 022331F21840AE2A008F40F8 /* DSLCalendarMonthView.m */; };
		0223320E1840AE2A008F40F8 /* DSLCalendarRange.m in Sources */ = {isa = PBXBuildFile; fileRef = 022331F41840AE2A008F40F8 /* DSLCalendarRange.m */; };
		0223320F1840AE2A008F40F8 /* DSLCalendarView.m in Sources */ = {isa = PBXBuildFile; fileRef = 022331F61840AE2A008F40F8 /* DSLCalendarView.m */; };
		022332101840AE2A008F40F8 /* DSLCalendar-nextMonth.png in Resources */ = {isa = PBXBuildFile; fileRef = 022331F81840AE2A008F40F8 /* DSLCalendar-nextMonth.png */; };
		022332111840AE2A008F40F8 /* DSLCalendar-nextMonth@2x.png in Resources */ = {isa = PBXBuildFile; fileRef = 022331F91840AE2A008F40F8 /* DSLCalendar-nextMonth@2x.png */; };
		022332121840AE2A008F40F8 /* DSLCalendar-previousMonth.png in Resources */ = {isa = PBXBuildFile; fileRef = 022331FA1840AE2A008F40F8 /* DSLCalendar-previousMonth.png */; };
		022332131840AE2A008F40F8 /* DSLCalendar-previousMonth@2x.png in Resources */ = {isa = PBXBuildFile; fileRef = 022331FB1840AE2A008F40F8 /* DSLCalendar-previousMonth@2x.png */; };
		022332141840AE2A008F40F8 /* DSLCalendarDayCallout.png in Resources */ = {isa = PBXBuildFile; fileRef = 022331FC1840AE2A008F40F8 /* DSLCalendarDayCallout.png */; };
		022332151840AE2A008F40F8 /* DSLCalendarDayCallout@2x.png in Resources */ = {isa = PBXBuildFile; fileRef = 022331FD1840AE2A008F40F8 /* DSLCalendarDayCallout@2x.png */; };
		022332161840AE2A008F40F8 /* DSLCalendarDaySelection-left.png in Resources */ = {isa = PBXBuildFile; fileRef = 022331FE1840AE2A008F40F8 /* DSLCalendarDaySelection-left.png */; };
		022332171840AE2A008F40F8 /* DSLCalendarDaySelection-left@2x.png in Resources */ = {isa = PBXBuildFile; fileRef = 022331FF1840AE2A008F40F8 /* DSLCalendarDaySelection-left@2x.png */; };
		022332181840AE2A008F40F8 /* DSLCalendarDaySelection-middle.png in Resources */ = {isa = PBXBuildFile; fileRef = 022332001840AE2A008F40F8 /* DSLCalendarDaySelection-middle.png */; };
		022332191840AE2A008F40F8 /* DSLCalendarDaySelection-middle@2x.png in Resources */ = {isa = PBXBuildFile; fileRef = 022332011840AE2A008F40F8 /* DSLCalendarDaySelection-middle@2x.png */; };
		0223321A1840AE2A008F40F8 /* DSLCalendarDaySelection-right.png in Resources */ = {isa = PBXBuildFile; fileRef = 022332021840AE2A008F40F8 /* DSLCalendarDaySelection-right.png */; };
		0223321B1840AE2A008F40F8 /* DSLCalendarDaySelection-right@2x.png in Resources */ = {isa = PBXBuildFile; fileRef = 022332031840AE2A008F40F8 /* DSLCalendarDaySelection-right@2x.png */; };
		0223321C1840AE2A008F40F8 /* DSLCalendarDaySelection.png in Resources */ = {isa = PBXBuildFile; fileRef = 022332041840AE2A008F40F8 /* DSLCalendarDaySelection.png */; };
		0223321D1840AE2A008F40F8 /* DSLCalendarDaySelection@2x.png in Resources */ = {isa = PBXBuildFile; fileRef = 022332051840AE2A008F40F8 /* DSLCalendarDaySelection@2x.png */; };
		0223321E1840AE2A008F40F8 /* NSDate+DSLCalendarView.m in Sources */ = {isa = PBXBuildFile; fileRef = 022332071840AE2A008F40F8 /* NSDate+DSLCalendarView.m */; };
		022332211840AE60008F40F8 /* ToDoListViewController.m in Sources */ = {isa = PBXBuildFile; fileRef = 022332201840AE60008F40F8 /* ToDoListViewController.m */; };
		022332241840B248008F40F8 /* ToDosViewController.m in Sources */ = {isa = PBXBuildFile; fileRef = 022332231840B248008F40F8 /* ToDosViewController.m */; };
/* End PBXBuildFile section */

/* Begin PBXContainerItemProxy section */
		022331D018409A65008F40F8 /* PBXContainerItemProxy */ = {
			isa = PBXContainerItemProxy;
			containerPortal = 022331A218409A64008F40F8 /* Project object */;
			proxyType = 1;
			remoteGlobalIDString = 022331A918409A65008F40F8;
			remoteInfo = WorkToDo;
		};
/* End PBXContainerItemProxy section */

/* Begin PBXFileReference section */
		022331AA18409A65008F40F8 /* WorkToDo.app */ = {isa = PBXFileReference; explicitFileType = wrapper.application; includeInIndex = 0; path = WorkToDo.app; sourceTree = BUILT_PRODUCTS_DIR; };
		022331AD18409A65008F40F8 /* Foundation.framework */ = {isa = PBXFileReference; lastKnownFileType = wrapper.framework; name = Foundation.framework; path = System/Library/Frameworks/Foundation.framework; sourceTree = SDKROOT; };
		022331AF18409A65008F40F8 /* CoreGraphics.framework */ = {isa = PBXFileReference; lastKnownFileType = wrapper.framework; name = CoreGraphics.framework; path = System/Library/Frameworks/CoreGraphics.framework; sourceTree = SDKROOT; };
		022331B118409A65008F40F8 /* UIKit.framework */ = {isa = PBXFileReference; lastKnownFileType = wrapper.framework; name = UIKit.framework; path = System/Library/Frameworks/UIKit.framework; sourceTree = SDKROOT; };
		022331B318409A65008F40F8 /* CoreData.framework */ = {isa = PBXFileReference; lastKnownFileType = wrapper.framework; name = CoreData.framework; path = System/Library/Frameworks/CoreData.framework; sourceTree = SDKROOT; };
		022331B718409A65008F40F8 /* WorkToDo-Info.plist */ = {isa = PBXFileReference; lastKnownFileType = text.plist.xml; path = "WorkToDo-Info.plist"; sourceTree = "<group>"; };
		022331B918409A65008F40F8 /* en */ = {isa = PBXFileReference; lastKnownFileType = text.plist.strings; name = en; path = en.lproj/InfoPlist.strings; sourceTree = "<group>"; };
		022331BB18409A65008F40F8 /* main.m */ = {isa = PBXFileReference; lastKnownFileType = sourcecode.c.objc; path = main.m; sourceTree = "<group>"; };
		022331BD18409A65008F40F8 /* WorkToDo-Prefix.pch */ = {isa = PBXFileReference; lastKnownFileType = sourcecode.c.h; path = "WorkToDo-Prefix.pch"; sourceTree = "<group>"; };
		022331BE18409A65008F40F8 /* AppDelegate.h */ = {isa = PBXFileReference; lastKnownFileType = sourcecode.c.h; path = AppDelegate.h; sourceTree = "<group>"; };
		022331BF18409A65008F40F8 /* AppDelegate.m */ = {isa = PBXFileReference; lastKnownFileType = sourcecode.c.objc; path = AppDelegate.m; sourceTree = "<group>"; };
		022331C218409A65008F40F8 /* WorkToDo.xcdatamodel */ = {isa = PBXFileReference; lastKnownFileType = wrapper.xcdatamodel; path = WorkToDo.xcdatamodel; sourceTree = "<group>"; };
		022331C418409A65008F40F8 /* Images.xcassets */ = {isa = PBXFileReference; lastKnownFileType = folder.assetcatalog; path = Images.xcassets; sourceTree = "<group>"; };
		022331CA18409A65008F40F8 /* WorkToDoTests.xctest */ = {isa = PBXFileReference; explicitFileType = wrapper.cfbundle; includeInIndex = 0; path = WorkToDoTests.xctest; sourceTree = BUILT_PRODUCTS_DIR; };
		022331CB18409A65008F40F8 /* XCTest.framework */ = {isa = PBXFileReference; lastKnownFileType = wrapper.framework; name = XCTest.framework; path = Library/Frameworks/XCTest.framework; sourceTree = DEVELOPER_DIR; };
		022331D418409A65008F40F8 /* WorkToDoTests-Info.plist */ = {isa = PBXFileReference; lastKnownFileType = text.plist.xml; path = "WorkToDoTests-Info.plist"; sourceTree = "<group>"; };
		022331D618409A65008F40F8 /* en */ = {isa = PBXFileReference; lastKnownFileType = text.plist.strings; name = en; path = en.lproj/InfoPlist.strings; sourceTree = "<group>"; };
		022331D818409A65008F40F8 /* WorkToDoTests.m */ = {isa = PBXFileReference; lastKnownFileType = sourcecode.c.objc; path = WorkToDoTests.m; sourceTree = "<group>"; };
		022331E218409A96008F40F8 /* ToDoViewController.h */ = {isa = PBXFileReference; fileEncoding = 4; lastKnownFileType = sourcecode.c.h; path = ToDoViewController.h; sourceTree = "<group>"; };
		022331E318409A96008F40F8 /* ToDoViewController.m */ = {isa = PBXFileReference; fileEncoding = 4; lastKnownFileType = sourcecode.c.objc; path = ToDoViewController.m; sourceTree = "<group>"; };
		022331E51840A261008F40F8 /* Work.h */ = {isa = PBXFileReference; fileEncoding = 4; lastKnownFileType = sourcecode.c.h; path = Work.h; sourceTree = "<group>"; };
		022331E61840A261008F40F8 /* Work.m */ = {isa = PBXFileReference; fileEncoding = 4; lastKnownFileType = sourcecode.c.objc; path = Work.m; sourceTree = "<group>"; };
		022331E91840AE2A008F40F8 /* DSLCalendarDayCalloutView.h */ = {isa = PBXFileReference; fileEncoding = 4; lastKnownFileType = sourcecode.c.h; path = DSLCalendarDayCalloutView.h; sourceTree = "<group>"; };
		022331EA1840AE2A008F40F8 /* DSLCalendarDayCalloutView.m */ = {isa = PBXFileReference; fileEncoding = 4; lastKnownFileType = sourcecode.c.objc; path = DSLCalendarDayCalloutView.m; sourceTree = "<group>"; };
		022331EB1840AE2A008F40F8 /* DSLCalendarDayCalloutView.xib */ = {isa = PBXFileReference; fileEncoding = 4; lastKnownFileType = file.xib; path = DSLCalendarDayCalloutView.xib; sourceTree = "<group>"; };
		022331EC1840AE2A008F40F8 /* DSLCalendarDayView.h */ = {isa = PBXFileReference; fileEncoding = 4; lastKnownFileType = sourcecode.c.h; path = DSLCalendarDayView.h; sourceTree = "<group>"; };
		022331ED1840AE2A008F40F8 /* DSLCalendarDayView.m */ = {isa = PBXFileReference; fileEncoding = 4; lastKnownFileType = sourcecode.c.objc; path = DSLCalendarDayView.m; sourceTree = "<group>"; };
		022331EE1840AE2A008F40F8 /* DSLCalendarMonthSelectorView.h */ = {isa = PBXFileReference; fileEncoding = 4; lastKnownFileType = sourcecode.c.h; path = DSLCalendarMonthSelectorView.h; sourceTree = "<group>"; };
		022331EF1840AE2A008F40F8 /* DSLCalendarMonthSelectorView.m */ = {isa = PBXFileReference; fileEncoding = 4; lastKnownFileType = sourcecode.c.objc; path = DSLCalendarMonthSelectorView.m; sourceTree = "<group>"; };
		022331F01840AE2A008F40F8 /* DSLCalendarMonthSelectorView.xib */ = {isa = PBXFileReference; fileEncoding = 4; lastKnownFileType = file.xib; path = DSLCalendarMonthSelectorView.xib; sourceTree = "<group>"; };
		022331F11840AE2A008F40F8 /* DSLCalendarMonthView.h */ = {isa = PBXFileReference; fileEncoding = 4; lastKnownFileType = sourcecode.c.h; path = DSLCalendarMonthView.h; sourceTree = "<group>"; };
		022331F21840AE2A008F40F8 /* DSLCalendarMonthView.m */ = {isa = PBXFileReference; fileEncoding = 4; lastKnownFileType = sourcecode.c.objc; path = DSLCalendarMonthView.m; sourceTree = "<group>"; };
		022331F31840AE2A008F40F8 /* DSLCalendarRange.h */ = {isa = PBXFileReference; fileEncoding = 4; lastKnownFileType = sourcecode.c.h; path = DSLCalendarRange.h; sourceTree = "<group>"; };
		022331F41840AE2A008F40F8 /* DSLCalendarRange.m */ = {isa = PBXFileReference; fileEncoding = 4; lastKnownFileType = sourcecode.c.objc; path = DSLCalendarRange.m; sourceTree = "<group>"; };
		022331F51840AE2A008F40F8 /* DSLCalendarView.h */ = {isa = PBXFileReference; fileEncoding = 4; lastKnownFileType = sourcecode.c.h; path = DSLCalendarView.h; sourceTree = "<group>"; };
		022331F61840AE2A008F40F8 /* DSLCalendarView.m */ = {isa = PBXFileReference; fileEncoding = 4; lastKnownFileType = sourcecode.c.objc; path = DSLCalendarView.m; sourceTree = "<group>"; };
		022331F81840AE2A008F40F8 /* DSLCalendar-nextMonth.png */ = {isa = PBXFileReference; lastKnownFileType = image.png; path = "DSLCalendar-nextMonth.png"; sourceTree = "<group>"; };
		022331F91840AE2A008F40F8 /* DSLCalendar-nextMonth@2x.png */ = {isa = PBXFileReference; lastKnownFileType = image.png; path = "DSLCalendar-nextMonth@2x.png"; sourceTree = "<group>"; };
		022331FA1840AE2A008F40F8 /* DSLCalendar-previousMonth.png */ = {isa = PBXFileReference; lastKnownFileType = image.png; path = "DSLCalendar-previousMonth.png"; sourceTree = "<group>"; };
		022331FB1840AE2A008F40F8 /* DSLCalendar-previousMonth@2x.png */ = {isa = PBXFileReference; lastKnownFileType = image.png; path = "DSLCalendar-previousMonth@2x.png"; sourceTree = "<group>"; };
		022331FC1840AE2A008F40F8 /* DSLCalendarDayCallout.png */ = {isa = PBXFileReference; lastKnownFileType = image.png; path = DSLCalendarDayCallout.png; sourceTree = "<group>"; };
		022331FD1840AE2A008F40F8 /* DSLCalendarDayCallout@2x.png */ = {isa = PBXFileReference; lastKnownFileType = image.png; path = "DSLCalendarDayCallout@2x.png"; sourceTree = "<group>"; };
		022331FE1840AE2A008F40F8 /* DSLCalendarDaySelection-left.png */ = {isa = PBXFileReference; lastKnownFileType = image.png; path = "DSLCalendarDaySelection-left.png"; sourceTree = "<group>"; };
		022331FF1840AE2A008F40F8 /* DSLCalendarDaySelection-left@2x.png */ = {isa = PBXFileReference; lastKnownFileType = image.png; path = "DSLCalendarDaySelection-left@2x.png"; sourceTree = "<group>"; };
		022332001840AE2A008F40F8 /* DSLCalendarDaySelection-middle.png */ = {isa = PBXFileReference; lastKnownFileType = image.png; path = "DSLCalendarDaySelection-middle.png"; sourceTree = "<group>"; };
		022332011840AE2A008F40F8 /* DSLCalendarDaySelection-middle@2x.png */ = {isa = PBXFileReference; lastKnownFileType = image.png; path = "DSLCalendarDaySelection-middle@2x.png"; sourceTree = "<group>"; };
		022332021840AE2A008F40F8 /* DSLCalendarDaySelection-right.png */ = {isa = PBXFileReference; lastKnownFileType = image.png; path = "DSLCalendarDaySelection-right.png"; sourceTree = "<group>"; };
		022332031840AE2A008F40F8 /* DSLCalendarDaySelection-right@2x.png */ = {isa = PBXFileReference; lastKnownFileType = image.png; path = "DSLCalendarDaySelection-right@2x.png"; sourceTree = "<group>"; };
		022332041840AE2A008F40F8 /* DSLCalendarDaySelection.png */ = {isa = PBXFileReference; lastKnownFileType = image.png; path = DSLCalendarDaySelection.png; sourceTree = "<group>"; };
		022332051840AE2A008F40F8 /* DSLCalendarDaySelection@2x.png */ = {isa = PBXFileReference; lastKnownFileType = image.png; path = "DSLCalendarDaySelection@2x.png"; sourceTree = "<group>"; };
		022332061840AE2A008F40F8 /* NSDate+DSLCalendarView.h */ = {isa = PBXFileReference; fileEncoding = 4; lastKnownFileType = sourcecode.c.h; path = "NSDate+DSLCalendarView.h"; sourceTree = "<group>"; };
		022332071840AE2A008F40F8 /* NSDate+DSLCalendarView.m */ = {isa = PBXFileReference; fileEncoding = 4; lastKnownFileType = sourcecode.c.objc; path = "NSDate+DSLCalendarView.m"; sourceTree = "<group>"; };
		0223321F1840AE60008F40F8 /* ToDoListViewController.h */ = {isa = PBXFileReference; fileEncoding = 4; lastKnownFileType = sourcecode.c.h; path = ToDoListViewController.h; sourceTree = "<group>"; };
		022332201840AE60008F40F8 /* ToDoListViewController.m */ = {isa = PBXFileReference; fileEncoding = 4; lastKnownFileType = sourcecode.c.objc; path = ToDoListViewController.m; sourceTree = "<group>"; };
		022332221840B248008F40F8 /* ToDosViewController.h */ = {isa = PBXFileReference; fileEncoding = 4; lastKnownFileType = sourcecode.c.h; path = ToDosViewController.h; sourceTree = "<group>"; };
		022332231840B248008F40F8 /* ToDosViewController.m */ = {isa = PBXFileReference; fileEncoding = 4; lastKnownFileType = sourcecode.c.objc; path = ToDosViewController.m; sourceTree = "<group>"; };
/* End PBXFileReference section */

/* Begin PBXFrameworksBuildPhase section */
		022331A718409A65008F40F8 /* Frameworks */ = {
			isa = PBXFrameworksBuildPhase;
			buildActionMask = 2147483647;
			files = (
				022331B018409A65008F40F8 /* CoreGraphics.framework in Frameworks */,
				022331B418409A65008F40F8 /* CoreData.framework in Frameworks */,
				022331B218409A65008F40F8 /* UIKit.framework in Frameworks */,
				022331AE18409A65008F40F8 /* Foundation.framework in Frameworks */,
			);
			runOnlyForDeploymentPostprocessing = 0;
		};
		022331C718409A65008F40F8 /* Frameworks */ = {
			isa = PBXFrameworksBuildPhase;
			buildActionMask = 2147483647;
			files = (
				022331CC18409A65008F40F8 /* XCTest.framework in Frameworks */,
				022331CF18409A65008F40F8 /* CoreData.framework in Frameworks */,
				022331CE18409A65008F40F8 /* UIKit.framework in Frameworks */,
				022331CD18409A65008F40F8 /* Foundation.framework in Frameworks */,
			);
			runOnlyForDeploymentPostprocessing = 0;
		};
/* End PBXFrameworksBuildPhase section */

/* Begin PBXGroup section */
		022331A118409A64008F40F8 = {
			isa = PBXGroup;
			children = (
				022331B518409A65008F40F8 /* WorkToDo */,
				022331D218409A65008F40F8 /* WorkToDoTests */,
				022331AC18409A65008F40F8 /* Frameworks */,
				022331AB18409A65008F40F8 /* Products */,
			);
			sourceTree = "<group>";
		};
		022331AB18409A65008F40F8 /* Products */ = {
			isa = PBXGroup;
			children = (
				022331AA18409A65008F40F8 /* WorkToDo.app */,
				022331CA18409A65008F40F8 /* WorkToDoTests.xctest */,
			);
			name = Products;
			sourceTree = "<group>";
		};
		022331AC18409A65008F40F8 /* Frameworks */ = {
			isa = PBXGroup;
			children = (
				022331AD18409A65008F40F8 /* Foundation.framework */,
				022331AF18409A65008F40F8 /* CoreGraphics.framework */,
				022331B118409A65008F40F8 /* UIKit.framework */,
				022331B318409A65008F40F8 /* CoreData.framework */,
				022331CB18409A65008F40F8 /* XCTest.framework */,
			);
			name = Frameworks;
			sourceTree = "<group>";
		};
		022331B518409A65008F40F8 /* WorkToDo */ = {
			isa = PBXGroup;
			children = (
				022331BE18409A65008F40F8 /* AppDelegate.h */,
				022331BF18409A65008F40F8 /* AppDelegate.m */,
				022331E218409A96008F40F8 /* ToDoViewController.h */,
				022331E318409A96008F40F8 /* ToDoViewController.m */,
				0223321F1840AE60008F40F8 /* ToDoListViewController.h */,
				022332201840AE60008F40F8 /* ToDoListViewController.m */,
				022332221840B248008F40F8 /* ToDosViewController.h */,
				022332231840B248008F40F8 /* ToDosViewController.m */,
				022331C418409A65008F40F8 /* Images.xcassets */,
				022331C118409A65008F40F8 /* WorkToDo.xcdatamodeld */,
				022331E51840A261008F40F8 /* Work.h */,
				022331E61840A261008F40F8 /* Work.m */,
				022331E81840AE2A008F40F8 /* DSLCalendarView */,
				022331B618409A65008F40F8 /* Supporting Files */,
			);
			path = WorkToDo;
			sourceTree = "<group>";
		};
		022331B618409A65008F40F8 /* Supporting Files */ = {
			isa = PBXGroup;
			children = (
				022331B718409A65008F40F8 /* WorkToDo-Info.plist */,
				022331B818409A65008F40F8 /* InfoPlist.strings */,
				022331BB18409A65008F40F8 /* main.m */,
				022331BD18409A65008F40F8 /* WorkToDo-Prefix.pch */,
			);
			name = "Supporting Files";
			sourceTree = "<group>";
		};
		022331D218409A65008F40F8 /* WorkToDoTests */ = {
			isa = PBXGroup;
			children = (
				022331D818409A65008F40F8 /* WorkToDoTests.m */,
				022331D318409A65008F40F8 /* Supporting Files */,
			);
			path = WorkToDoTests;
			sourceTree = "<group>";
		};
		022331D318409A65008F40F8 /* Supporting Files */ = {
			isa = PBXGroup;
			children = (
				022331D418409A65008F40F8 /* WorkToDoTests-Info.plist */,
				022331D518409A65008F40F8 /* InfoPlist.strings */,
			);
			name = "Supporting Files";
			sourceTree = "<group>";
		};
		022331E81840AE2A008F40F8 /* DSLCalendarView */ = {
			isa = PBXGroup;
			children = (
				022331E91840AE2A008F40F8 /* DSLCalendarDayCalloutView.h */,
				022331EA1840AE2A008F40F8 /* DSLCalendarDayCalloutView.m */,
				022331EB1840AE2A008F40F8 /* DSLCalendarDayCalloutView.xib */,
				022331EC1840AE2A008F40F8 /* DSLCalendarDayView.h */,
				022331ED1840AE2A008F40F8 /* DSLCalendarDayView.m */,
				022331EE1840AE2A008F40F8 /* DSLCalendarMonthSelectorView.h */,
				022331EF1840AE2A008F40F8 /* DSLCalendarMonthSelectorView.m */,
				022331F01840AE2A008F40F8 /* DSLCalendarMonthSelectorView.xib */,
				022331F11840AE2A008F40F8 /* DSLCalendarMonthView.h */,
				022331F21840AE2A008F40F8 /* DSLCalendarMonthView.m */,
				022331F31840AE2A008F40F8 /* DSLCalendarRange.h */,
				022331F41840AE2A008F40F8 /* DSLCalendarRange.m */,
				022331F51840AE2A008F40F8 /* DSLCalendarView.h */,
				022331F61840AE2A008F40F8 /* DSLCalendarView.m */,
				022331F71840AE2A008F40F8 /* Images */,
				022332061840AE2A008F40F8 /* NSDate+DSLCalendarView.h */,
				022332071840AE2A008F40F8 /* NSDate+DSLCalendarView.m */,
			);
			path = DSLCalendarView;
			sourceTree = "<group>";
		};
		022331F71840AE2A008F40F8 /* Images */ = {
			isa = PBXGroup;
			children = (
				022331F81840AE2A008F40F8 /* DSLCalendar-nextMonth.png */,
				022331F91840AE2A008F40F8 /* DSLCalendar-nextMonth@2x.png */,
				022331FA1840AE2A008F40F8 /* DSLCalendar-previousMonth.png */,
				022331FB1840AE2A008F40F8 /* DSLCalendar-previousMonth@2x.png */,
				022331FC1840AE2A008F40F8 /* DSLCalendarDayCallout.png */,
				022331FD1840AE2A008F40F8 /* DSLCalendarDayCallout@2x.png */,
				022331FE1840AE2A008F40F8 /* DSLCalendarDaySelection-left.png */,
				022331FF1840AE2A008F40F8 /* DSLCalendarDaySelection-left@2x.png */,
				022332001840AE2A008F40F8 /* DSLCalendarDaySelection-middle.png */,
				022332011840AE2A008F40F8 /* DSLCalendarDaySelection-middle@2x.png */,
				022332021840AE2A008F40F8 /* DSLCalendarDaySelection-right.png */,
				022332031840AE2A008F40F8 /* DSLCalendarDaySelection-right@2x.png */,
				022332041840AE2A008F40F8 /* DSLCalendarDaySelection.png */,
				022332051840AE2A008F40F8 /* DSLCalendarDaySelection@2x.png */,
			);
			path = Images;
			sourceTree = "<group>";
		};
/* End PBXGroup section */

/* Begin PBXNativeTarget section */
		022331A918409A65008F40F8 /* WorkToDo */ = {
			isa = PBXNativeTarget;
			buildConfigurationList = 022331DC18409A65008F40F8 /* Build configuration list for PBXNativeTarget "WorkToDo" */;
			buildPhases = (
				022331A618409A65008F40F8 /* Sources */,
				022331A718409A65008F40F8 /* Frameworks */,
				022331A818409A65008F40F8 /* Resources */,
			);
			buildRules = (
			);
			dependencies = (
			);
			name = WorkToDo;
			productName = WorkToDo;
			productReference = 022331AA18409A65008F40F8 /* WorkToDo.app */;
			productType = "com.apple.product-type.application";
		};
		022331C918409A65008F40F8 /* WorkToDoTests */ = {
			isa = PBXNativeTarget;
			buildConfigurationList = 022331DF18409A65008F40F8 /* Build configuration list for PBXNativeTarget "WorkToDoTests" */;
			buildPhases = (
				022331C618409A65008F40F8 /* Sources */,
				022331C718409A65008F40F8 /* Frameworks */,
				022331C818409A65008F40F8 /* Resources */,
			);
			buildRules = (
			);
			dependencies = (
				022331D118409A65008F40F8 /* PBXTargetDependency */,
			);
			name = WorkToDoTests;
			productName = WorkToDoTests;
			productReference = 022331CA18409A65008F40F8 /* WorkToDoTests.xctest */;
			productType = "com.apple.product-type.bundle.unit-test";
		};
/* End PBXNativeTarget section */

/* Begin PBXProject section */
		022331A218409A64008F40F8 /* Project object */ = {
			isa = PBXProject;
			attributes = {
				LastUpgradeCheck = 0500;
				ORGANIZATIONNAME = pipaw;
				TargetAttributes = {
					022331C918409A65008F40F8 = {
						TestTargetID = 022331A918409A65008F40F8;
					};
				};
			};
			buildConfigurationList = 022331A518409A64008F40F8 /* Build configuration list for PBXProject "WorkToDo" */;
			compatibilityVersion = "Xcode 3.2";
			developmentRegion = English;
			hasScannedForEncodings = 0;
			knownRegions = (
				en,
			);
			mainGroup = 022331A118409A64008F40F8;
			productRefGroup = 022331AB18409A65008F40F8 /* Products */;
			projectDirPath = "";
			projectRoot = "";
			targets = (
				022331A918409A65008F40F8 /* WorkToDo */,
				022331C918409A65008F40F8 /* WorkToDoTests */,
			);
		};
/* End PBXProject section */

/* Begin PBXResourcesBuildPhase section */
		022331A818409A65008F40F8 /* Resources */ = {
			isa = PBXResourcesBuildPhase;
			buildActionMask = 2147483647;
			files = (
				0223321C1840AE2A008F40F8 /* DSLCalendarDaySelection.png in Resources */,
				022332101840AE2A008F40F8 /* DSLCalendar-nextMonth.png in Resources */,
				0223321D1840AE2A008F40F8 /* DSLCalendarDaySelection@2x.png in Resources */,
				022332191840AE2A008F40F8 /* DSLCalendarDaySelection-middle@2x.png in Resources */,
				0223320C1840AE2A008F40F8 /* DSLCalendarMonthSelectorView.xib in Resources */,
				022332151840AE2A008F40F8 /* DSLCalendarDayCallout@2x.png in Resources */,
				022332111840AE2A008F40F8 /* DSLCalendar-nextMonth@2x.png in Resources */,
				022332121840AE2A008F40F8 /* DSLCalendar-previousMonth.png in Resources */,
				022332171840AE2A008F40F8 /* DSLCalendarDaySelection-left@2x.png in Resources */,
				0223321A1840AE2A008F40F8 /* DSLCalendarDaySelection-right.png in Resources */,
				022332131840AE2A008F40F8 /* DSLCalendar-previousMonth@2x.png in Resources */,
				022331BA18409A65008F40F8 /* InfoPlist.strings in Resources */,
				022332141840AE2A008F40F8 /* DSLCalendarDayCallout.png in Resources */,
				022332091840AE2A008F40F8 /* DSLCalendarDayCalloutView.xib in Resources */,
				022331C518409A65008F40F8 /* Images.xcassets in Resources */,
				0223321B1840AE2A008F40F8 /* DSLCalendarDaySelection-right@2x.png in Resources */,
				022332181840AE2A008F40F8 /* DSLCalendarDaySelection-middle.png in Resources */,
				022332161840AE2A008F40F8 /* DSLCalendarDaySelection-left.png in Resources */,
			);
			runOnlyForDeploymentPostprocessing = 0;
		};
		022331C818409A65008F40F8 /* Resources */ = {
			isa = PBXResourcesBuildPhase;
			buildActionMask = 2147483647;
			files = (
				022331D718409A65008F40F8 /* InfoPlist.strings in Resources */,
			);
			runOnlyForDeploymentPostprocessing = 0;
		};
/* End PBXResourcesBuildPhase section */

/* Begin PBXSourcesBuildPhase section */
		022331A618409A65008F40F8 /* Sources */ = {
			isa = PBXSourcesBuildPhase;
			buildActionMask = 2147483647;
			files = (
				0223320B1840AE2A008F40F8 /* DSLCalendarMonthSelectorView.m in Sources */,
				0223321E1840AE2A008F40F8 /* NSDate+DSLCalendarView.m in Sources */,
				022331E71840A261008F40F8 /* Work.m in Sources */,
				022331E418409A96008F40F8 /* ToDoViewController.m in Sources */,
				0223320A1840AE2A008F40F8 /* DSLCalendarDayView.m in Sources */,
				022332081840AE2A008F40F8 /* DSLCalendarDayCalloutView.m in Sources */,
				022331C318409A65008F40F8 /* WorkToDo.xcdatamodeld in Sources */,
				0223320F1840AE2A008F40F8 /* DSLCalendarView.m in Sources */,
				022331C018409A65008F40F8 /* AppDelegate.m in Sources */,
				0223320E1840AE2A008F40F8 /* DSLCalendarRange.m in Sources */,
				022332211840AE60008F40F8 /* ToDoListViewController.m in Sources */,
				0223320D1840AE2A008F40F8 /* DSLCalendarMonthView.m in Sources */,
				022332241840B248008F40F8 /* ToDosViewController.m in Sources */,
				022331BC18409A65008F40F8 /* main.m in Sources */,
			);
			runOnlyForDeploymentPostprocessing = 0;
		};
		022331C618409A65008F40F8 /* Sources */ = {
			isa = PBXSourcesBuildPhase;
			buildActionMask = 2147483647;
			files = (
				022331D918409A65008F40F8 /* WorkToDoTests.m in Sources */,
			);
			runOnlyForDeploymentPostprocessing = 0;
		};
/* End PBXSourcesBuildPhase section */

/* Begin PBXTargetDependency section */
		022331D118409A65008F40F8 /* PBXTargetDependency */ = {
			isa = PBXTargetDependency;
			target = 022331A918409A65008F40F8 /* WorkToDo */;
			targetProxy = 022331D018409A65008F40F8 /* PBXContainerItemProxy */;
		};
/* End PBXTargetDependency section */

/* Begin PBXVariantGroup section */
		022331B818409A65008F40F8 /* InfoPlist.strings */ = {
			isa = PBXVariantGroup;
			children = (
				022331B918409A65008F40F8 /* en */,
			);
			name = InfoPlist.strings;
			sourceTree = "<group>";
		};
		022331D518409A65008F40F8 /* InfoPlist.strings */ = {
			isa = PBXVariantGroup;
			children = (
				022331D618409A65008F40F8 /* en */,
			);
			name = InfoPlist.strings;
			sourceTree = "<group>";
		};
/* End PBXVariantGroup section */

/* Begin XCBuildConfiguration section */
		022331DA18409A65008F40F8 /* Debug */ = {
			isa = XCBuildConfiguration;
			buildSettings = {
				ALWAYS_SEARCH_USER_PATHS = NO;
				ARCHS = "$(ARCHS_STANDARD_INCLUDING_64_BIT)";
				CLANG_CXX_LANGUAGE_STANDARD = "gnu++0x";
				CLANG_CXX_LIBRARY = "libc++";
				CLANG_ENABLE_MODULES = YES;
				CLANG_ENABLE_OBJC_ARC = YES;
				CLANG_WARN_BOOL_CONVERSION = YES;
				CLANG_WARN_CONSTANT_CONVERSION = YES;
				CLANG_WARN_DIRECT_OBJC_ISA_USAGE = YES_ERROR;
				CLANG_WARN_EMPTY_BODY = YES;
				CLANG_WARN_ENUM_CONVERSION = YES;
				CLANG_WARN_INT_CONVERSION = YES;
				CLANG_WARN_OBJC_ROOT_CLASS = YES_ERROR;
				CLANG_WARN__DUPLICATE_METHOD_MATCH = YES;
				"CODE_SIGN_IDENTITY[sdk=iphoneos*]" = "iPhone Developer";
				COPY_PHASE_STRIP = NO;
				GCC_C_LANGUAGE_STANDARD = gnu99;
				GCC_DYNAMIC_NO_PIC = NO;
				GCC_OPTIMIZATION_LEVEL = 0;
				GCC_PREPROCESSOR_DEFINITIONS = (
					"DEBUG=1",
					"$(inherited)",
				);
				GCC_SYMBOLS_PRIVATE_EXTERN = NO;
				GCC_WARN_64_TO_32_BIT_CONVERSION = YES;
				GCC_WARN_ABOUT_RETURN_TYPE = YES_ERROR;
				GCC_WARN_UNDECLARED_SELECTOR = YES;
				GCC_WARN_UNINITIALIZED_AUTOS = YES;
				GCC_WARN_UNUSED_FUNCTION = YES;
				GCC_WARN_UNUSED_VARIABLE = YES;
				IPHONEOS_DEPLOYMENT_TARGET = 7.0;
				ONLY_ACTIVE_ARCH = YES;
				SDKROOT = iphoneos;
			};
			name = Debug;
		};
		022331DB18409A65008F40F8 /* Release */ = {
			isa = XCBuildConfiguration;
			buildSettings = {
				ALWAYS_SEARCH_USER_PATHS = NO;
				ARCHS = "$(ARCHS_STANDARD_INCLUDING_64_BIT)";
				CLANG_CXX_LANGUAGE_STANDARD = "gnu++0x";
				CLANG_CXX_LIBRARY = "libc++";
				CLANG_ENABLE_MODULES = YES;
				CLANG_ENABLE_OBJC_ARC = YES;
				CLANG_WARN_BOOL_CONVERSION = YES;
				CLANG_WARN_CONSTANT_CONVERSION = YES;
				CLANG_WARN_DIRECT_OBJC_ISA_USAGE = YES_ERROR;
				CLANG_WARN_EMPTY_BODY = YES;
				CLANG_WARN_ENUM_CONVERSION = YES;
				CLANG_WARN_INT_CONVERSION = YES;
				CLANG_WARN_OBJC_ROOT_CLASS = YES_ERROR;
				CLANG_WARN__DUPLICATE_METHOD_MATCH = YES;
				"CODE_SIGN_IDENTITY[sdk=iphoneos*]" = "iPhone Developer";
				COPY_PHASE_STRIP = YES;
				ENABLE_NS_ASSERTIONS = NO;
				GCC_C_LANGUAGE_STANDARD = gnu99;
				GCC_WARN_64_TO_32_BIT_CONVERSION = YES;
				GCC_WARN_ABOUT_RETURN_TYPE = YES_ERROR;
				GCC_WARN_UNDECLARED_SELECTOR = YES;
				GCC_WARN_UNINITIALIZED_AUTOS = YES;
				GCC_WARN_UNUSED_FUNCTION = YES;
				GCC_WARN_UNUSED_VARIABLE = YES;
				IPHONEOS_DEPLOYMENT_TARGET = 7.0;
				SDKROOT = iphoneos;
				VALIDATE_PRODUCT = YES;
			};
			name = Release;
		};
		022331DD18409A65008F40F8 /* Debug */ = {
			isa = XCBuildConfiguration;
			buildSettings = {
				ASSETCATALOG_COMPILER_APPICON_NAME = AppIcon;
				ASSETCATALOG_COMPILER_LAUNCHIMAGE_NAME = LaunchImage;
				GCC_PRECOMPILE_PREFIX_HEADER = YES;
				GCC_PREFIX_HEADER = "WorkToDo/WorkToDo-Prefix.pch";
				INFOPLIST_FILE = "WorkToDo/WorkToDo-Info.plist";
				PRODUCT_NAME = "$(TARGET_NAME)";
				WRAPPER_EXTENSION = app;
			};
			name = Debug;
		};
		022331DE18409A65008F40F8 /* Release */ = {
			isa = XCBuildConfiguration;
			buildSettings = {
				ASSETCATALOG_COMPILER_APPICON_NAME = AppIcon;
				ASSETCATALOG_COMPILER_LAUNCHIMAGE_NAME = LaunchImage;
				GCC_PRECOMPILE_PREFIX_HEADER = YES;
				GCC_PREFIX_HEADER = "WorkToDo/WorkToDo-Prefix.pch";
				INFOPLIST_FILE = "WorkToDo/WorkToDo-Info.plist";
				PRODUCT_NAME = "$(TARGET_NAME)";
				WRAPPER_EXTENSION = app;
			};
			name = Release;
		};
		022331E018409A65008F40F8 /* Debug */ = {
			isa = XCBuildConfiguration;
			buildSettings = {
				ARCHS = "$(ARCHS_STANDARD_INCLUDING_64_BIT)";
				BUNDLE_LOADER = "$(BUILT_PRODUCTS_DIR)/WorkToDo.app/WorkToDo";
				FRAMEWORK_SEARCH_PATHS = (
					"$(SDKROOT)/Developer/Library/Frameworks",
					"$(inherited)",
					"$(DEVELOPER_FRAMEWORKS_DIR)",
				);
				GCC_PRECOMPILE_PREFIX_HEADER = YES;
				GCC_PREFIX_HEADER = "WorkToDo/WorkToDo-Prefix.pch";
				GCC_PREPROCESSOR_DEFINITIONS = (
					"DEBUG=1",
					"$(inherited)",
				);
				INFOPLIST_FILE = "WorkToDoTests/WorkToDoTests-Info.plist";
				PRODUCT_NAME = "$(TARGET_NAME)";
				TEST_HOST = "$(BUNDLE_LOADER)";
				WRAPPER_EXTENSION = xctest;
			};
			name = Debug;
		};
		022331E118409A65008F40F8 /* Release */ = {
			isa = XCBuildConfiguration;
			buildSettings = {
				ARCHS = "$(ARCHS_STANDARD_INCLUDING_64_BIT)";
				BUNDLE_LOADER = "$(BUILT_PRODUCTS_DIR)/WorkToDo.app/WorkToDo";
				FRAMEWORK_SEARCH_PATHS = (
					"$(SDKROOT)/Developer/Library/Frameworks",
					"$(inherited)",
					"$(DEVELOPER_FRAMEWORKS_DIR)",
				);
				GCC_PRECOMPILE_PREFIX_HEADER = YES;
				GCC_PREFIX_HEADER = "WorkToDo/WorkToDo-Prefix.pch";
				INFOPLIST_FILE = "WorkToDoTests/WorkToDoTests-Info.plist";
				PRODUCT_NAME = "$(TARGET_NAME)";
				TEST_HOST = "$(BUNDLE_LOADER)";
				WRAPPER_EXTENSION = xctest;
			};
			name = Release;
		};
/* End XCBuildConfiguration section */

/* Begin XCConfigurationList section */
		022331A518409A64008F40F8 /* Build configuration list for PBXProject "WorkToDo" */ = {
			isa = XCConfigurationList;
			buildConfigurations = (
				022331DA18409A65008F40F8 /* Debug */,
				022331DB18409A65008F40F8 /* Release */,
			);
			defaultConfigurationIsVisible = 0;
			defaultConfigurationName = Release;
		};
		022331DC18409A65008F40F8 /* Build configuration list for PBXNativeTarget "WorkToDo" */ = {
			isa = XCConfigurationList;
			buildConfigurations = (
				022331DD18409A65008F40F8 /* Debug */,
				022331DE18409A65008F40F8 /* Release */,
			);
			defaultConfigurationIsVisible = 0;
		};
		022331DF18409A65008F40F8 /* Build configuration list for PBXNativeTarget "WorkToDoTests" */ = {
			isa = XCConfigurationList;
			buildConfigurations = (
				022331E018409A65008F40F8 /* Debug */,
				022331E118409A65008F40F8 /* Release */,
			);
			defaultConfigurationIsVisible = 0;
		};
/* End XCConfigurationList section */

/* Begin XCVersionGroup section */
		022331C118409A65008F40F8 /* WorkToDo.xcdatamodeld */ = {
			isa = XCVersionGroup;
			children = (
				022331C218409A65008F40F8 /* WorkToDo.xcdatamodel */,
			);
			currentVersion = 022331C218409A65008F40F8 /* WorkToDo.xcdatamodel */;
			path = WorkToDo.xcdatamodeld;
			sourceTree = "<group>";
			versionGroupType = wrapper.xcdatamodel;
		};
/* End XCVersionGroup section */
	};
	rootObject = 022331A218409A64008F40F8 /* Project object */;
}
